{
  "name": "@freshworks/modal",
  "version": "0.10.0",
  "lockfileVersion": 1,
  "requires": true,
  "dependencies": {
    "dom-focus-lock": {
      "version": "1.0.4",
      "resolved": "https://registry.npmjs.org/dom-focus-lock/-/dom-focus-lock-1.0.4.tgz",
      "integrity": "sha512-Tiz2EYedB14UW0/lY5PEzFAie66e9itoEVKhz0M9xz1cHqP4Jd0XUg/AT2m6DtbhCFa9DHo6nQyePuLH7Mx9+A==",
      "dev": true,
      "requires": {
        "focus-lock": "^0.6.2"
      }
    },
    "focus-lock": {
      "version": "0.6.6",
      "resolved": "https://registry.npmjs.org/focus-lock/-/focus-lock-0.6.6.tgz",
      "integrity": "sha512-Dx69IXGCq1qsUExWuG+5wkiMqVM/zGx/reXSJSLogECwp3x6KeNQZ+NAetgxEFpnC41rD8U3+jRCW68+LNzdtw==",
      "dev": true
    }
  }
}
